
Microsoft Visual Studio Solution File, Format Version 12.00
# Visual Studio Version 17
VisualStudioVersion = 17.3.32825.248
MinimumVisualStudioVersion = 10.0.40219.1
Project("{FAE04EC0-301F-11D3-BF4B-00C04F79EFBC}") = "JTB-Airline-Cruise", "JTB-Airline-Cruise\JTB-Airline-Cruise.csproj", "{5BAA938E-0E04-4E18-B13E-5C9409BE5DC9}"
EndProject
Global
	GlobalSection(SolutionConfigurationPlatforms) = preSolution
		Debug|Any CPU = Debug|Any CPU
		Release|Any CPU = Release|Any CPU
	EndGlobalSection
	GlobalSection(ProjectConfigurationPlatforms) = postSolution
		{5BAA938E-0E04-4E18-B13E-5C9409BE5DC9}.Debug|Any CPU.ActiveCfg = Debug|Any CPU
		{5BAA938E-0E04-4E18-B13E-5C9409BE5DC9}.Debug|Any CPU.Build.0 = Debug|Any CPU
		{5BAA938E-0E04-4E18-B13E-5C9409BE5DC9}.Release|Any CPU.ActiveCfg = Release|Any CPU
		{5BAA938E-0E04-4E18-B13E-5C9409BE5DC9}.Release|Any CPU.Build.0 = Release|Any CPU
	EndGlobalSection
	GlobalSection(SolutionProperties) = preSolution
		HideSolutionNode = FALSE
	EndGlobalSection
	GlobalSection(ExtensibilityGlobals) = postSolution
		SolutionGuid = {3B6BF4D3-4058-4EB2-BAA1-1E326428C391}
	EndGlobalSection
EndGlobal
